
Microsoft Visual Studio Solution File, Format Version 12.00
# Visual Studio Version 16
VisualStudioVersion = 16.0.31205.134
MinimumVisualStudioVersion = 10.0.40219.1
Project("{FAE04EC0-301F-11D3-BF4B-00C04F79EFBC}") = "tp_final_csharp_prise_3", "tp_final_csharp_prise_3\tp_final_csharp_prise_3.csproj", "{FEC226BB-7EB6-411C-B056-FEA969DF92D6}"
EndProject
Global
	GlobalSection(SolutionConfigurationPlatforms) = preSolution
		Debug|Any CPU = Debug|Any CPU
		Release|Any CPU = Release|Any CPU
	EndGlobalSection
	GlobalSection(ProjectConfigurationPlatforms) = postSolution
		{FEC226BB-7EB6-411C-B056-FEA969DF92D6}.Debug|Any CPU.ActiveCfg = Debug|Any CPU
		{FEC226BB-7EB6-411C-B056-FEA969DF92D6}.Debug|Any CPU.Build.0 = Debug|Any CPU
		{FEC226BB-7EB6-411C-B056-FEA969DF92D6}.Release|Any CPU.ActiveCfg = Release|Any CPU
		{FEC226BB-7EB6-411C-B056-FEA969DF92D6}.Release|Any CPU.Build.0 = Release|Any CPU
	EndGlobalSection
	GlobalSection(SolutionProperties) = preSolution
		HideSolutionNode = FALSE
	EndGlobalSection
	GlobalSection(ExtensibilityGlobals) = postSolution
		SolutionGuid = {64A514CF-6804-4043-9E68-4953A0A0CE10}
	EndGlobalSection
EndGlobal
